
Microsoft Visual Studio Solution File, Format Version 12.00
# Visual Studio 14
VisualStudioVersion = 14.0.25420.1
MinimumVisualStudioVersion = 10.0.40219.1
Project("{2150E333-8FDC-42A3-9474-1A3956D46DE8}") = "src", "src", "{DE28A20D-729D-46A9-80AF-AD81BE6D9939}"
EndProject
Project("{2150E333-8FDC-42A3-9474-1A3956D46DE8}") = "Solution Items", "Solution Items", "{2B6025B0-3D11-47E6-A872-2CA3940021E3}"
	ProjectSection(SolutionItems) = preProject
		global.json = global.json
	EndProjectSection
EndProject
Project("{8BB2217D-0F2D-49D1-97BC-3654ED321F3B}") = "Interface", "src\Interface\Interface.xproj", "{7824B883-0DCC-436D-ADB8-AF17DD9EDFA5}"
EndProject
Global
	GlobalSection(SolutionConfigurationPlatforms) = preSolution
		Debug|Any CPU = Debug|Any CPU
		Release|Any CPU = Release|Any CPU
	EndGlobalSection
	GlobalSection(ProjectConfigurationPlatforms) = postSolution
		{7824B883-0DCC-436D-ADB8-AF17DD9EDFA5}.Debug|Any CPU.ActiveCfg = Debug|Any CPU
		{7824B883-0DCC-436D-ADB8-AF17DD9EDFA5}.Debug|Any CPU.Build.0 = Debug|Any CPU
		{7824B883-0DCC-436D-ADB8-AF17DD9EDFA5}.Release|Any CPU.ActiveCfg = Release|Any CPU
		{7824B883-0DCC-436D-ADB8-AF17DD9EDFA5}.Release|Any CPU.Build.0 = Release|Any CPU
	EndGlobalSection
	GlobalSection(SolutionProperties) = preSolution
		HideSolutionNode = FALSE
	EndGlobalSection
	GlobalSection(NestedProjects) = preSolution
		{7824B883-0DCC-436D-ADB8-AF17DD9EDFA5} = {DE28A20D-729D-46A9-80AF-AD81BE6D9939}
	EndGlobalSection
EndGlobal
